{
    "name": "ars-web-components",
    "version": "0.0.9",
    "lockfileVersion": 3,
    "requires": true,
    "packages": {
        "": {
            "name": "ars-web-components",
            "version": "0.0.9",
            "license": "MIT",
            "dependencies": {
                "arslib": "0.2.0"
            }
        },
        "node_modules/arslib": {
            "version": "0.2.0",
            "resolved": "https://registry.npmjs.org/arslib/-/arslib-0.2.0.tgz",
            "integrity": "sha512-xyb0GWRuaNLaz44lmek7xd8vU1aj/Mj/9HciV9c6OSwMObI/5qq/ilbFl6yvnrc2X8le1/a8Buh7QGJUgABiHQ=="
        }
    }
}
