{
    "name": "ars-web-components",
    "version": "0.1.0",
    "lockfileVersion": 3,
    "requires": true,
    "packages": {
        "": {
            "name": "ars-web-components",
            "version": "0.1.0",
            "license": "MIT",
            "dependencies": {
                "arslib": "0.6.1"
            }
        },
        "node_modules/arslib": {
            "version": "0.6.1",
            "resolved": "https://registry.npmjs.org/arslib/-/arslib-0.6.1.tgz",
            "integrity": "sha512-axX0jVmJGB7aMxfZVSZlaftQccqpvoco330rp7EFRq+kmRT0wSe6hmEw7utvR5w2bXUhBkGs9H2xpgSQhPLsEg==",
            "license": "MIT"
        }
    }
}
